
Microsoft Visual Studio Solution File, Format Version 12.00
# Visual Studio Version 16
VisualStudioVersion = 16.0.31005.135
MinimumVisualStudioVersion = 10.0.40219.1
Project("{FAE04EC0-301F-11D3-BF4B-00C04F79EFBC}") = "020-Socket编程-tcp客户端", "020-Socket编程-tcp客户端\020-Socket编程-tcp客户端.csproj", "{EF43F733-FC3C-443B-89B8-A915F306C66B}"
EndProject
Global
	GlobalSection(SolutionConfigurationPlatforms) = preSolution
		Debug|Any CPU = Debug|Any CPU
		Release|Any CPU = Release|Any CPU
	EndGlobalSection
	GlobalSection(ProjectConfigurationPlatforms) = postSolution
		{EF43F733-FC3C-443B-89B8-A915F306C66B}.Debug|Any CPU.ActiveCfg = Debug|Any CPU
		{EF43F733-FC3C-443B-89B8-A915F306C66B}.Debug|Any CPU.Build.0 = Debug|Any CPU
		{EF43F733-FC3C-443B-89B8-A915F306C66B}.Release|Any CPU.ActiveCfg = Release|Any CPU
		{EF43F733-FC3C-443B-89B8-A915F306C66B}.Release|Any CPU.Build.0 = Release|Any CPU
	EndGlobalSection
	GlobalSection(SolutionProperties) = preSolution
		HideSolutionNode = FALSE
	EndGlobalSection
	GlobalSection(ExtensibilityGlobals) = postSolution
		SolutionGuid = {A714BF17-BA07-450F-AB67-5394E8F8399D}
	EndGlobalSection
EndGlobal
