
Microsoft Visual Studio Solution File, Format Version 12.00
# Visual Studio Version 16
VisualStudioVersion = 16.0.31005.135
MinimumVisualStudioVersion = 10.0.40219.1
Project("{9A19103F-16F7-4668-BE54-9A1E7A4F7556}") = "020-Socket编程-tcp客户端", "020-Socket编程-tcp客户端\020-Socket编程-tcp客户端.csproj", "{EF43F733-FC3C-443B-89B8-A915F306C66B}"
EndProject
Project("{9A19103F-16F7-4668-BE54-9A1E7A4F7556}") = "022-Socket编程-udp客户端", "..\022-Socket编程-udp客户端\022-Socket编程-udp客户端.csproj", "{CAFA2CEB-1C6E-4308-9F13-AD132B3A1BD7}"
EndProject
Project("{FAE04EC0-301F-11D3-BF4B-00C04F79EFBC}") = "025-tcpClient", "..\025-tcpClient\025-tcpClient.csproj", "{D0C30EA3-0499-4850-9453-EEDF54A6DB6C}"
EndProject
Project("{FAE04EC0-301F-11D3-BF4B-00C04F79EFBC}") = "027-udpClient", "..\027-udpClient\027-udpClient.csproj", "{5CE78B24-7A17-4184-B25C-24B789477767}"
EndProject
Global
	GlobalSection(SolutionConfigurationPlatforms) = preSolution
		Debug|Any CPU = Debug|Any CPU
		Release|Any CPU = Release|Any CPU
	EndGlobalSection
	GlobalSection(ProjectConfigurationPlatforms) = postSolution
		{EF43F733-FC3C-443B-89B8-A915F306C66B}.Debug|Any CPU.ActiveCfg = Debug|Any CPU
		{EF43F733-FC3C-443B-89B8-A915F306C66B}.Debug|Any CPU.Build.0 = Debug|Any CPU
		{EF43F733-FC3C-443B-89B8-A915F306C66B}.Release|Any CPU.ActiveCfg = Release|Any CPU
		{EF43F733-FC3C-443B-89B8-A915F306C66B}.Release|Any CPU.Build.0 = Release|Any CPU
		{CAFA2CEB-1C6E-4308-9F13-AD132B3A1BD7}.Debug|Any CPU.ActiveCfg = Debug|Any CPU
		{CAFA2CEB-1C6E-4308-9F13-AD132B3A1BD7}.Debug|Any CPU.Build.0 = Debug|Any CPU
		{CAFA2CEB-1C6E-4308-9F13-AD132B3A1BD7}.Release|Any CPU.ActiveCfg = Release|Any CPU
		{CAFA2CEB-1C6E-4308-9F13-AD132B3A1BD7}.Release|Any CPU.Build.0 = Release|Any CPU
		{D0C30EA3-0499-4850-9453-EEDF54A6DB6C}.Debug|Any CPU.ActiveCfg = Debug|Any CPU
		{D0C30EA3-0499-4850-9453-EEDF54A6DB6C}.Debug|Any CPU.Build.0 = Debug|Any CPU
		{D0C30EA3-0499-4850-9453-EEDF54A6DB6C}.Release|Any CPU.ActiveCfg = Release|Any CPU
		{D0C30EA3-0499-4850-9453-EEDF54A6DB6C}.Release|Any CPU.Build.0 = Release|Any CPU
		{5CE78B24-7A17-4184-B25C-24B789477767}.Debug|Any CPU.ActiveCfg = Debug|Any CPU
		{5CE78B24-7A17-4184-B25C-24B789477767}.Debug|Any CPU.Build.0 = Debug|Any CPU
		{5CE78B24-7A17-4184-B25C-24B789477767}.Release|Any CPU.ActiveCfg = Release|Any CPU
		{5CE78B24-7A17-4184-B25C-24B789477767}.Release|Any CPU.Build.0 = Release|Any CPU
	EndGlobalSection
	GlobalSection(SolutionProperties) = preSolution
		HideSolutionNode = FALSE
	EndGlobalSection
	GlobalSection(ExtensibilityGlobals) = postSolution
		SolutionGuid = {A714BF17-BA07-450F-AB67-5394E8F8399D}
	EndGlobalSection
EndGlobal
