
Microsoft Visual Studio Solution File, Format Version 12.00
# Visual Studio Version 16
VisualStudioVersion = 16.0.30621.155
MinimumVisualStudioVersion = 10.0.40219.1
Project("{9A19103F-16F7-4668-BE54-9A1E7A4F7556}") = "C Sharp教程（高级）", "C Sharp教程（高级）.csproj", "{A4D52AAB-9E7E-491E-AF94-612F914EB230}"
EndProject
Project("{9A19103F-16F7-4668-BE54-9A1E7A4F7556}") = "001-字符串String的方法", "字符串自带的方法\001-字符串String的方法.csproj", "{2CF6EF6C-5882-4BC1-BD32-F3EAF486B049}"
EndProject
Project("{9A19103F-16F7-4668-BE54-9A1E7A4F7556}") = "002-字符串StringBuilder", "字符串StringBuilder\002-字符串StringBuilder.csproj", "{95B82BA6-92C6-4CE6-9B59-2F49066DC9F3}"
EndProject
Project("{9A19103F-16F7-4668-BE54-9A1E7A4F7556}") = "003-正则表达式", "003-正则表达式\003-正则表达式.csproj", "{4DD52C60-4D77-4313-B40F-D054BA4D6A6D}"
EndProject
Project("{9A19103F-16F7-4668-BE54-9A1E7A4F7556}") = "004-委托", "004-委托\004-委托.csproj", "{021FF033-3B7E-4736-8449-2B6DBD199615}"
EndProject
Project("{9A19103F-16F7-4668-BE54-9A1E7A4F7556}") = "005-Action和Func委托", "Action委托\005-Action和Func委托.csproj", "{94B29198-EBB8-430C-976F-9B8C32722AC7}"
EndProject
Project("{9A19103F-16F7-4668-BE54-9A1E7A4F7556}") = "006-升级版冒泡排序", "006-升级版冒泡排序\006-升级版冒泡排序.csproj", "{9E2C6C75-2F3E-4A20-9FAA-32C04D8DB4B0}"
EndProject
Project("{9A19103F-16F7-4668-BE54-9A1E7A4F7556}") = "007-多播委托", "007-多播委托\007-多播委托.csproj", "{833F8A98-B636-4363-B70E-88B95EC24C48}"
EndProject
Project("{9A19103F-16F7-4668-BE54-9A1E7A4F7556}") = "008-匿名方法", "匿名方法\008-匿名方法.csproj", "{AA12FE69-45D7-410D-B2F1-4B4FFFB89A6A}"
EndProject
Project("{9A19103F-16F7-4668-BE54-9A1E7A4F7556}") = "009-事件", "009-事件\009-事件.csproj", "{67B6B440-C72A-4CDA-8872-28C0DDC78A6F}"
EndProject
Project("{9A19103F-16F7-4668-BE54-9A1E7A4F7556}") = "010-观察者模式", "010-观察者模式\010-观察者模式.csproj", "{4606D9CB-1C14-40A2-93C2-CECB835A2EAE}"
EndProject
Project("{9A19103F-16F7-4668-BE54-9A1E7A4F7556}") = "011-LINQ", "011-LINQ\011-LINQ.csproj", "{61FBCA19-396F-4BE4-A3DF-C8DD4406AEBD}"
EndProject
Project("{9A19103F-16F7-4668-BE54-9A1E7A4F7556}") = "012-反射", "反射和特性\012-反射.csproj", "{6B646E3A-570A-476B-9635-3E88F599F22A}"
EndProject
Project("{9A19103F-16F7-4668-BE54-9A1E7A4F7556}") = "013-特性", "特性\013-特性.csproj", "{B2F10484-F56F-40B5-A775-1D8ED436AC1D}"
EndProject
Project("{9A19103F-16F7-4668-BE54-9A1E7A4F7556}") = "014-线程-委托方式发起线程", "014-线程-委托方式发起线程\014-线程-委托方式发起线程.csproj", "{2FC093F8-19C8-4EDC-B302-76EFDDF8BCE9}"
EndProject
Project("{9A19103F-16F7-4668-BE54-9A1E7A4F7556}") = "015-线程-通过Thread发起线程", "015-线程-通过Thread发起线程\015-线程-通过Thread发起线程.csproj", "{2D7E4534-E758-4647-AF44-16906898FAE6}"
EndProject
Project("{FAE04EC0-301F-11D3-BF4B-00C04F79EFBC}") = "016-线程-通过线程池发起线程", "016-线程-通过线程池发起线程\016-线程-通过线程池发起线程.csproj", "{5A0ABB24-1800-4C87-BF07-1E1327609A06}"
EndProject
Project("{FAE04EC0-301F-11D3-BF4B-00C04F79EFBC}") = "017-线程-通过任务发起线程", "017-线程-通过任务发起线程\017-线程-通过任务发起线程.csproj", "{651DFE27-8A87-4B64-A805-28694AFBD595}"
EndProject
Global
	GlobalSection(SolutionConfigurationPlatforms) = preSolution
		Debug|Any CPU = Debug|Any CPU
		Release|Any CPU = Release|Any CPU
	EndGlobalSection
	GlobalSection(ProjectConfigurationPlatforms) = postSolution
		{A4D52AAB-9E7E-491E-AF94-612F914EB230}.Debug|Any CPU.ActiveCfg = Debug|Any CPU
		{A4D52AAB-9E7E-491E-AF94-612F914EB230}.Debug|Any CPU.Build.0 = Debug|Any CPU
		{A4D52AAB-9E7E-491E-AF94-612F914EB230}.Release|Any CPU.ActiveCfg = Release|Any CPU
		{A4D52AAB-9E7E-491E-AF94-612F914EB230}.Release|Any CPU.Build.0 = Release|Any CPU
		{2CF6EF6C-5882-4BC1-BD32-F3EAF486B049}.Debug|Any CPU.ActiveCfg = Debug|Any CPU
		{2CF6EF6C-5882-4BC1-BD32-F3EAF486B049}.Debug|Any CPU.Build.0 = Debug|Any CPU
		{2CF6EF6C-5882-4BC1-BD32-F3EAF486B049}.Release|Any CPU.ActiveCfg = Release|Any CPU
		{2CF6EF6C-5882-4BC1-BD32-F3EAF486B049}.Release|Any CPU.Build.0 = Release|Any CPU
		{95B82BA6-92C6-4CE6-9B59-2F49066DC9F3}.Debug|Any CPU.ActiveCfg = Debug|Any CPU
		{95B82BA6-92C6-4CE6-9B59-2F49066DC9F3}.Debug|Any CPU.Build.0 = Debug|Any CPU
		{95B82BA6-92C6-4CE6-9B59-2F49066DC9F3}.Release|Any CPU.ActiveCfg = Release|Any CPU
		{95B82BA6-92C6-4CE6-9B59-2F49066DC9F3}.Release|Any CPU.Build.0 = Release|Any CPU
		{4DD52C60-4D77-4313-B40F-D054BA4D6A6D}.Debug|Any CPU.ActiveCfg = Debug|Any CPU
		{4DD52C60-4D77-4313-B40F-D054BA4D6A6D}.Debug|Any CPU.Build.0 = Debug|Any CPU
		{4DD52C60-4D77-4313-B40F-D054BA4D6A6D}.Release|Any CPU.ActiveCfg = Release|Any CPU
		{4DD52C60-4D77-4313-B40F-D054BA4D6A6D}.Release|Any CPU.Build.0 = Release|Any CPU
		{021FF033-3B7E-4736-8449-2B6DBD199615}.Debug|Any CPU.ActiveCfg = Debug|Any CPU
		{021FF033-3B7E-4736-8449-2B6DBD199615}.Debug|Any CPU.Build.0 = Debug|Any CPU
		{021FF033-3B7E-4736-8449-2B6DBD199615}.Release|Any CPU.ActiveCfg = Release|Any CPU
		{021FF033-3B7E-4736-8449-2B6DBD199615}.Release|Any CPU.Build.0 = Release|Any CPU
		{94B29198-EBB8-430C-976F-9B8C32722AC7}.Debug|Any CPU.ActiveCfg = Debug|Any CPU
		{94B29198-EBB8-430C-976F-9B8C32722AC7}.Debug|Any CPU.Build.0 = Debug|Any CPU
		{94B29198-EBB8-430C-976F-9B8C32722AC7}.Release|Any CPU.ActiveCfg = Release|Any CPU
		{94B29198-EBB8-430C-976F-9B8C32722AC7}.Release|Any CPU.Build.0 = Release|Any CPU
		{9E2C6C75-2F3E-4A20-9FAA-32C04D8DB4B0}.Debug|Any CPU.ActiveCfg = Debug|Any CPU
		{9E2C6C75-2F3E-4A20-9FAA-32C04D8DB4B0}.Debug|Any CPU.Build.0 = Debug|Any CPU
		{9E2C6C75-2F3E-4A20-9FAA-32C04D8DB4B0}.Release|Any CPU.ActiveCfg = Release|Any CPU
		{9E2C6C75-2F3E-4A20-9FAA-32C04D8DB4B0}.Release|Any CPU.Build.0 = Release|Any CPU
		{833F8A98-B636-4363-B70E-88B95EC24C48}.Debug|Any CPU.ActiveCfg = Debug|Any CPU
		{833F8A98-B636-4363-B70E-88B95EC24C48}.Debug|Any CPU.Build.0 = Debug|Any CPU
		{833F8A98-B636-4363-B70E-88B95EC24C48}.Release|Any CPU.ActiveCfg = Release|Any CPU
		{833F8A98-B636-4363-B70E-88B95EC24C48}.Release|Any CPU.Build.0 = Release|Any CPU
		{AA12FE69-45D7-410D-B2F1-4B4FFFB89A6A}.Debug|Any CPU.ActiveCfg = Debug|Any CPU
		{AA12FE69-45D7-410D-B2F1-4B4FFFB89A6A}.Debug|Any CPU.Build.0 = Debug|Any CPU
		{AA12FE69-45D7-410D-B2F1-4B4FFFB89A6A}.Release|Any CPU.ActiveCfg = Release|Any CPU
		{AA12FE69-45D7-410D-B2F1-4B4FFFB89A6A}.Release|Any CPU.Build.0 = Release|Any CPU
		{67B6B440-C72A-4CDA-8872-28C0DDC78A6F}.Debug|Any CPU.ActiveCfg = Debug|Any CPU
		{67B6B440-C72A-4CDA-8872-28C0DDC78A6F}.Debug|Any CPU.Build.0 = Debug|Any CPU
		{67B6B440-C72A-4CDA-8872-28C0DDC78A6F}.Release|Any CPU.ActiveCfg = Release|Any CPU
		{67B6B440-C72A-4CDA-8872-28C0DDC78A6F}.Release|Any CPU.Build.0 = Release|Any CPU
		{4606D9CB-1C14-40A2-93C2-CECB835A2EAE}.Debug|Any CPU.ActiveCfg = Debug|Any CPU
		{4606D9CB-1C14-40A2-93C2-CECB835A2EAE}.Debug|Any CPU.Build.0 = Debug|Any CPU
		{4606D9CB-1C14-40A2-93C2-CECB835A2EAE}.Release|Any CPU.ActiveCfg = Release|Any CPU
		{4606D9CB-1C14-40A2-93C2-CECB835A2EAE}.Release|Any CPU.Build.0 = Release|Any CPU
		{61FBCA19-396F-4BE4-A3DF-C8DD4406AEBD}.Debug|Any CPU.ActiveCfg = Debug|Any CPU
		{61FBCA19-396F-4BE4-A3DF-C8DD4406AEBD}.Debug|Any CPU.Build.0 = Debug|Any CPU
		{61FBCA19-396F-4BE4-A3DF-C8DD4406AEBD}.Release|Any CPU.ActiveCfg = Release|Any CPU
		{61FBCA19-396F-4BE4-A3DF-C8DD4406AEBD}.Release|Any CPU.Build.0 = Release|Any CPU
		{6B646E3A-570A-476B-9635-3E88F599F22A}.Debug|Any CPU.ActiveCfg = Debug|Any CPU
		{6B646E3A-570A-476B-9635-3E88F599F22A}.Debug|Any CPU.Build.0 = Debug|Any CPU
		{6B646E3A-570A-476B-9635-3E88F599F22A}.Release|Any CPU.ActiveCfg = Release|Any CPU
		{6B646E3A-570A-476B-9635-3E88F599F22A}.Release|Any CPU.Build.0 = Release|Any CPU
		{B2F10484-F56F-40B5-A775-1D8ED436AC1D}.Debug|Any CPU.ActiveCfg = Debug|Any CPU
		{B2F10484-F56F-40B5-A775-1D8ED436AC1D}.Debug|Any CPU.Build.0 = Debug|Any CPU
		{B2F10484-F56F-40B5-A775-1D8ED436AC1D}.Release|Any CPU.ActiveCfg = Release|Any CPU
		{B2F10484-F56F-40B5-A775-1D8ED436AC1D}.Release|Any CPU.Build.0 = Release|Any CPU
		{2FC093F8-19C8-4EDC-B302-76EFDDF8BCE9}.Debug|Any CPU.ActiveCfg = Debug|Any CPU
		{2FC093F8-19C8-4EDC-B302-76EFDDF8BCE9}.Debug|Any CPU.Build.0 = Debug|Any CPU
		{2FC093F8-19C8-4EDC-B302-76EFDDF8BCE9}.Release|Any CPU.ActiveCfg = Release|Any CPU
		{2FC093F8-19C8-4EDC-B302-76EFDDF8BCE9}.Release|Any CPU.Build.0 = Release|Any CPU
		{2D7E4534-E758-4647-AF44-16906898FAE6}.Debug|Any CPU.ActiveCfg = Debug|Any CPU
		{2D7E4534-E758-4647-AF44-16906898FAE6}.Debug|Any CPU.Build.0 = Debug|Any CPU
		{2D7E4534-E758-4647-AF44-16906898FAE6}.Release|Any CPU.ActiveCfg = Release|Any CPU
		{2D7E4534-E758-4647-AF44-16906898FAE6}.Release|Any CPU.Build.0 = Release|Any CPU
		{5A0ABB24-1800-4C87-BF07-1E1327609A06}.Debug|Any CPU.ActiveCfg = Debug|Any CPU
		{5A0ABB24-1800-4C87-BF07-1E1327609A06}.Debug|Any CPU.Build.0 = Debug|Any CPU
		{5A0ABB24-1800-4C87-BF07-1E1327609A06}.Release|Any CPU.ActiveCfg = Release|Any CPU
		{5A0ABB24-1800-4C87-BF07-1E1327609A06}.Release|Any CPU.Build.0 = Release|Any CPU
		{651DFE27-8A87-4B64-A805-28694AFBD595}.Debug|Any CPU.ActiveCfg = Debug|Any CPU
		{651DFE27-8A87-4B64-A805-28694AFBD595}.Debug|Any CPU.Build.0 = Debug|Any CPU
		{651DFE27-8A87-4B64-A805-28694AFBD595}.Release|Any CPU.ActiveCfg = Release|Any CPU
		{651DFE27-8A87-4B64-A805-28694AFBD595}.Release|Any CPU.Build.0 = Release|Any CPU
	EndGlobalSection
	GlobalSection(SolutionProperties) = preSolution
		HideSolutionNode = FALSE
	EndGlobalSection
	GlobalSection(ExtensibilityGlobals) = postSolution
		SolutionGuid = {3D2ECC7A-40DD-460A-9959-ACD2E4AE3BFD}
	EndGlobalSection
EndGlobal
